
Microsoft Visual Studio Solution File, Format Version 12.00
# Visual Studio Version 17
VisualStudioVersion = 17.5.33530.505
MinimumVisualStudioVersion = 10.0.40219.1
Project("{FAE04EC0-301F-11D3-BF4B-00C04F79EFBC}") = "WebApplicationTrisha", "WebApplicationTrisha.csproj", "{2889A7DF-CCFD-4922-874D-24BD245C02E6}"
EndProject
Global
	GlobalSection(SolutionConfigurationPlatforms) = preSolution
		Debug|Any CPU = Debug|Any CPU
		Release|Any CPU = Release|Any CPU
	EndGlobalSection
	GlobalSection(ProjectConfigurationPlatforms) = postSolution
		{2889A7DF-CCFD-4922-874D-24BD245C02E6}.Debug|Any CPU.ActiveCfg = Debug|Any CPU
		{2889A7DF-CCFD-4922-874D-24BD245C02E6}.Debug|Any CPU.Build.0 = Debug|Any CPU
		{2889A7DF-CCFD-4922-874D-24BD245C02E6}.Release|Any CPU.ActiveCfg = Release|Any CPU
		{2889A7DF-CCFD-4922-874D-24BD245C02E6}.Release|Any CPU.Build.0 = Release|Any CPU
	EndGlobalSection
	GlobalSection(SolutionProperties) = preSolution
		HideSolutionNode = FALSE
	EndGlobalSection
	GlobalSection(ExtensibilityGlobals) = postSolution
		SolutionGuid = {96EEE707-D481-4859-BE97-BA63EE7A6B81}
	EndGlobalSection
EndGlobal
